
Microsoft Visual Studio Solution File, Format Version 12.00
# Visual Studio Version 16
VisualStudioVersion = 16.0.30114.105
MinimumVisualStudioVersion = 10.0.40219.1
Project("{FAE04EC0-301F-11D3-BF4B-00C04F79EFBC}") = "API", "API\API.csproj", "{34A9FBEB-9339-4FBD-B389-10425990C85C}"
EndProject
Project("{FAE04EC0-301F-11D3-BF4B-00C04F79EFBC}") = "Application", "Application\Application.csproj", "{78340A21-711C-4560-8481-43C82759F968}"
EndProject
Project("{FAE04EC0-301F-11D3-BF4B-00C04F79EFBC}") = "Domain", "Domain\Domain.csproj", "{E33E7135-91FB-496E-8D5C-9D49538D382E}"
EndProject
Project("{FAE04EC0-301F-11D3-BF4B-00C04F79EFBC}") = "Persistence", "Persistence\Persistence.csproj", "{F798E66E-C289-4B8F-A706-27014C3DD45F}"
EndProject
Global
	GlobalSection(SolutionConfigurationPlatforms) = preSolution
		Debug|Any CPU = Debug|Any CPU
		Debug|x64 = Debug|x64
		Debug|x86 = Debug|x86
		Release|Any CPU = Release|Any CPU
		Release|x64 = Release|x64
		Release|x86 = Release|x86
	EndGlobalSection
	GlobalSection(SolutionProperties) = preSolution
		HideSolutionNode = FALSE
	EndGlobalSection
	GlobalSection(ProjectConfigurationPlatforms) = postSolution
		{34A9FBEB-9339-4FBD-B389-10425990C85C}.Debug|Any CPU.ActiveCfg = Debug|Any CPU
		{34A9FBEB-9339-4FBD-B389-10425990C85C}.Debug|Any CPU.Build.0 = Debug|Any CPU
		{34A9FBEB-9339-4FBD-B389-10425990C85C}.Debug|x64.ActiveCfg = Debug|Any CPU
		{34A9FBEB-9339-4FBD-B389-10425990C85C}.Debug|x64.Build.0 = Debug|Any CPU
		{34A9FBEB-9339-4FBD-B389-10425990C85C}.Debug|x86.ActiveCfg = Debug|Any CPU
		{34A9FBEB-9339-4FBD-B389-10425990C85C}.Debug|x86.Build.0 = Debug|Any CPU
		{34A9FBEB-9339-4FBD-B389-10425990C85C}.Release|Any CPU.ActiveCfg = Release|Any CPU
		{34A9FBEB-9339-4FBD-B389-10425990C85C}.Release|Any CPU.Build.0 = Release|Any CPU
		{34A9FBEB-9339-4FBD-B389-10425990C85C}.Release|x64.ActiveCfg = Release|Any CPU
		{34A9FBEB-9339-4FBD-B389-10425990C85C}.Release|x64.Build.0 = Release|Any CPU
		{34A9FBEB-9339-4FBD-B389-10425990C85C}.Release|x86.ActiveCfg = Release|Any CPU
		{34A9FBEB-9339-4FBD-B389-10425990C85C}.Release|x86.Build.0 = Release|Any CPU
		{78340A21-711C-4560-8481-43C82759F968}.Debug|Any CPU.ActiveCfg = Debug|Any CPU
		{78340A21-711C-4560-8481-43C82759F968}.Debug|Any CPU.Build.0 = Debug|Any CPU
		{78340A21-711C-4560-8481-43C82759F968}.Debug|x64.ActiveCfg = Debug|Any CPU
		{78340A21-711C-4560-8481-43C82759F968}.Debug|x64.Build.0 = Debug|Any CPU
		{78340A21-711C-4560-8481-43C82759F968}.Debug|x86.ActiveCfg = Debug|Any CPU
		{78340A21-711C-4560-8481-43C82759F968}.Debug|x86.Build.0 = Debug|Any CPU
		{78340A21-711C-4560-8481-43C82759F968}.Release|Any CPU.ActiveCfg = Release|Any CPU
		{78340A21-711C-4560-8481-43C82759F968}.Release|Any CPU.Build.0 = Release|Any CPU
		{78340A21-711C-4560-8481-43C82759F968}.Release|x64.ActiveCfg = Release|Any CPU
		{78340A21-711C-4560-8481-43C82759F968}.Release|x64.Build.0 = Release|Any CPU
		{78340A21-711C-4560-8481-43C82759F968}.Release|x86.ActiveCfg = Release|Any CPU
		{78340A21-711C-4560-8481-43C82759F968}.Release|x86.Build.0 = Release|Any CPU
		{E33E7135-91FB-496E-8D5C-9D49538D382E}.Debug|Any CPU.ActiveCfg = Debug|Any CPU
		{E33E7135-91FB-496E-8D5C-9D49538D382E}.Debug|Any CPU.Build.0 = Debug|Any CPU
		{E33E7135-91FB-496E-8D5C-9D49538D382E}.Debug|x64.ActiveCfg = Debug|Any CPU
		{E33E7135-91FB-496E-8D5C-9D49538D382E}.Debug|x64.Build.0 = Debug|Any CPU
		{E33E7135-91FB-496E-8D5C-9D49538D382E}.Debug|x86.ActiveCfg = Debug|Any CPU
		{E33E7135-91FB-496E-8D5C-9D49538D382E}.Debug|x86.Build.0 = Debug|Any CPU
		{E33E7135-91FB-496E-8D5C-9D49538D382E}.Release|Any CPU.ActiveCfg = Release|Any CPU
		{E33E7135-91FB-496E-8D5C-9D49538D382E}.Release|Any CPU.Build.0 = Release|Any CPU
		{E33E7135-91FB-496E-8D5C-9D49538D382E}.Release|x64.ActiveCfg = Release|Any CPU
		{E33E7135-91FB-496E-8D5C-9D49538D382E}.Release|x64.Build.0 = Release|Any CPU
		{E33E7135-91FB-496E-8D5C-9D49538D382E}.Release|x86.ActiveCfg = Release|Any CPU
		{E33E7135-91FB-496E-8D5C-9D49538D382E}.Release|x86.Build.0 = Release|Any CPU
		{F798E66E-C289-4B8F-A706-27014C3DD45F}.Debug|Any CPU.ActiveCfg = Debug|Any CPU
		{F798E66E-C289-4B8F-A706-27014C3DD45F}.Debug|Any CPU.Build.0 = Debug|Any CPU
		{F798E66E-C289-4B8F-A706-27014C3DD45F}.Debug|x64.ActiveCfg = Debug|Any CPU
		{F798E66E-C289-4B8F-A706-27014C3DD45F}.Debug|x64.Build.0 = Debug|Any CPU
		{F798E66E-C289-4B8F-A706-27014C3DD45F}.Debug|x86.ActiveCfg = Debug|Any CPU
		{F798E66E-C289-4B8F-A706-27014C3DD45F}.Debug|x86.Build.0 = Debug|Any CPU
		{F798E66E-C289-4B8F-A706-27014C3DD45F}.Release|Any CPU.ActiveCfg = Release|Any CPU
		{F798E66E-C289-4B8F-A706-27014C3DD45F}.Release|Any CPU.Build.0 = Release|Any CPU
		{F798E66E-C289-4B8F-A706-27014C3DD45F}.Release|x64.ActiveCfg = Release|Any CPU
		{F798E66E-C289-4B8F-A706-27014C3DD45F}.Release|x64.Build.0 = Release|Any CPU
		{F798E66E-C289-4B8F-A706-27014C3DD45F}.Release|x86.ActiveCfg = Release|Any CPU
		{F798E66E-C289-4B8F-A706-27014C3DD45F}.Release|x86.Build.0 = Release|Any CPU
	EndGlobalSection
EndGlobal
